
Microsoft Visual Studio Solution File, Format Version 12.00
# Visual Studio Version 16
VisualStudioVersion = 16.0.28922.388
MinimumVisualStudioVersion = 10.0.40219.1
Project("{FAE04EC0-301F-11D3-BF4B-00C04F79EFBC}") = "ChatWithRest", "ChatWithRest\ChatWithRest.csproj", "{CF2E9486-0EDC-41E0-A43C-3E0E8342716A}"
EndProject
Global
	GlobalSection(SolutionConfigurationPlatforms) = preSolution
		Debug|Any CPU = Debug|Any CPU
		Release|Any CPU = Release|Any CPU
	EndGlobalSection
	GlobalSection(ProjectConfigurationPlatforms) = postSolution
		{CF2E9486-0EDC-41E0-A43C-3E0E8342716A}.Debug|Any CPU.ActiveCfg = Debug|Any CPU
		{CF2E9486-0EDC-41E0-A43C-3E0E8342716A}.Debug|Any CPU.Build.0 = Debug|Any CPU
		{CF2E9486-0EDC-41E0-A43C-3E0E8342716A}.Release|Any CPU.ActiveCfg = Release|Any CPU
		{CF2E9486-0EDC-41E0-A43C-3E0E8342716A}.Release|Any CPU.Build.0 = Release|Any CPU
	EndGlobalSection
	GlobalSection(SolutionProperties) = preSolution
		HideSolutionNode = FALSE
	EndGlobalSection
	GlobalSection(ExtensibilityGlobals) = postSolution
		SolutionGuid = {464D73F3-5BB3-4C1A-A431-8AC35C61950A}
	EndGlobalSection
EndGlobal
